// !$*UTF8*$!
{
	archiveVersion = 1;
	classes = {
	};
	objectVersion = 56;
	objects = {

/* Begin PBXBuildFile section */
		CED4E9DD2A59993C00A7BA7A /* AppDelegate.swift in Sources */ = {isa = PBXBuildFile; fileRef = CED4E9DC2A59993C00A7BA7A /* AppDelegate.swift */; };
		CED4E9DF2A59993C00A7BA7A /* SceneDelegate.swift in Sources */ = {isa = PBXBuildFile; fileRef = CED4E9DE2A59993C00A7BA7A /* SceneDelegate.swift */; };
		CED4E9E42A59993C00A7BA7A /* Main.storyboard in Resources */ = {isa = PBXBuildFile; fileRef = CED4E9E22A59993C00A7BA7A /* Main.storyboard */; };
		CED4E9E62A59993D00A7BA7A /* Assets.xcassets in Resources */ = {isa = PBXBuildFile; fileRef = CED4E9E52A59993D00A7BA7A /* Assets.xcassets */; };
		CED4E9E92A59993D00A7BA7A /* LaunchScreen.storyboard in Resources */ = {isa = PBXBuildFile; fileRef = CED4E9E72A59993D00A7BA7A /* LaunchScreen.storyboard */; };
		CED4E9F42A59993D00A7BA7A /* FitnessAppTests.swift in Sources */ = {isa = PBXBuildFile; fileRef = CED4E9F32A59993D00A7BA7A /* FitnessAppTests.swift */; };
		CED4E9FE2A59993D00A7BA7A /* FitnessAppUITests.swift in Sources */ = {isa = PBXBuildFile; fileRef = CED4E9FD2A59993D00A7BA7A /* FitnessAppUITests.swift */; };
		CED4EA002A59993D00A7BA7A /* FitnessAppUITestsLaunchTests.swift in Sources */ = {isa = PBXBuildFile; fileRef = CED4E9FF2A59993D00A7BA7A /* FitnessAppUITestsLaunchTests.swift */; };
		CED4EA0D2A59999900A7BA7A /* SplashScreenViewController.swift in Sources */ = {isa = PBXBuildFile; fileRef = CED4EA0C2A59999900A7BA7A /* SplashScreenViewController.swift */; };
		CED4EA122A599E8200A7BA7A /* FirebaseAnalytics in Frameworks */ = {isa = PBXBuildFile; productRef = CED4EA112A599E8200A7BA7A /* FirebaseAnalytics */; };
		CED4EA142A599E8200A7BA7A /* FirebaseAnalyticsSwift in Frameworks */ = {isa = PBXBuildFile; productRef = CED4EA132A599E8200A7BA7A /* FirebaseAnalyticsSwift */; };
		CED4EA192A5A06E400A7BA7A /* FirebaseAuth in Frameworks */ = {isa = PBXBuildFile; productRef = CED4EA182A5A06E400A7BA7A /* FirebaseAuth */; };
		CED4EA1B2A5A06E900A7BA7A /* FirebaseDatabase in Frameworks */ = {isa = PBXBuildFile; productRef = CED4EA1A2A5A06E900A7BA7A /* FirebaseDatabase */; };
		CED4EA1D2A5A06ED00A7BA7A /* FirebaseDatabaseSwift in Frameworks */ = {isa = PBXBuildFile; productRef = CED4EA1C2A5A06ED00A7BA7A /* FirebaseDatabaseSwift */; };
		CED4EA1F2A5A06FD00A7BA7A /* FirebaseStorage in Frameworks */ = {isa = PBXBuildFile; productRef = CED4EA1E2A5A06FD00A7BA7A /* FirebaseStorage */; };
		CED4EA232A5A0CD800A7BA7A /* FirebaseFirestore in Frameworks */ = {isa = PBXBuildFile; productRef = CED4EA222A5A0CD800A7BA7A /* FirebaseFirestore */; };
		CED4EA272A5A13E200A7BA7A /* Profile Screen.storyboard in Resources */ = {isa = PBXBuildFile; fileRef = CED4EA262A5A13E200A7BA7A /* Profile Screen.storyboard */; };
		CED4EA292A5A148400A7BA7A /* ProfileViewController.swift in Sources */ = {isa = PBXBuildFile; fileRef = CED4EA282A5A148400A7BA7A /* ProfileViewController.swift */; };
		CED4EA2B2A5A151A00A7BA7A /* MethodsOfProfileVC.swift in Sources */ = {isa = PBXBuildFile; fileRef = CED4EA2A2A5A151A00A7BA7A /* MethodsOfProfileVC.swift */; };
		CED4EA2D2A5A155A00A7BA7A /* ImagePickerViewExtention.swift in Sources */ = {isa = PBXBuildFile; fileRef = CED4EA2C2A5A155A00A7BA7A /* ImagePickerViewExtention.swift */; };
		CED4EA302A5A179D00A7BA7A /* storyboards.swift in Sources */ = {isa = PBXBuildFile; fileRef = CED4EA2F2A5A179D00A7BA7A /* storyboards.swift */; };
		CED4EA322A5A182D00A7BA7A /* Utilities.swift in Sources */ = {isa = PBXBuildFile; fileRef = CED4EA312A5A182D00A7BA7A /* Utilities.swift */; };
		CED4EA342A5A189500A7BA7A /* UtilityExtension.swift in Sources */ = {isa = PBXBuildFile; fileRef = CED4EA332A5A189500A7BA7A /* UtilityExtension.swift */; };
		CED4EA362A5A19CA00A7BA7A /* TabBar.storyboard in Resources */ = {isa = PBXBuildFile; fileRef = CED4EA352A5A19CA00A7BA7A /* TabBar.storyboard */; };
		CED4EA382A5A1AF500A7BA7A /* Workouts Screens.storyboard in Resources */ = {isa = PBXBuildFile; fileRef = CED4EA372A5A1AF500A7BA7A /* Workouts Screens.storyboard */; };
		CED4EA432A5AE62D00A7BA7A /* WelcomeViewController.swift in Sources */ = {isa = PBXBuildFile; fileRef = CED4EA422A5AE62D00A7BA7A /* WelcomeViewController.swift */; };
		CED4EA452A5AE65E00A7BA7A /* SignInViewController.swift in Sources */ = {isa = PBXBuildFile; fileRef = CED4EA442A5AE65E00A7BA7A /* SignInViewController.swift */; };
		CED4EA472A5AE68900A7BA7A /* SignUpViewController.swift in Sources */ = {isa = PBXBuildFile; fileRef = CED4EA462A5AE68900A7BA7A /* SignUpViewController.swift */; };
		CED4EA492A5AE6AA00A7BA7A /* SignInSignUpViewController.swift in Sources */ = {isa = PBXBuildFile; fileRef = CED4EA482A5AE6AA00A7BA7A /* SignInSignUpViewController.swift */; };
		CED4EA4B2A5AE6D800A7BA7A /* LoadingView.swift in Sources */ = {isa = PBXBuildFile; fileRef = CED4EA4A2A5AE6D800A7BA7A /* LoadingView.swift */; };
		CED4EA4D2A5B4C7F00A7BA7A /* GoogleService-Info.plist in Resources */ = {isa = PBXBuildFile; fileRef = CED4EA4C2A5B4C7F00A7BA7A /* GoogleService-Info.plist */; };
		CED4EA502A5B667F00A7BA7A /* ExerciseDescription.swift in Sources */ = {isa = PBXBuildFile; fileRef = CED4EA4F2A5B667F00A7BA7A /* ExerciseDescription.swift */; };
		CED4EA532A5B66A800A7BA7A /* ExerciseListDataModel.swift in Sources */ = {isa = PBXBuildFile; fileRef = CED4EA522A5B66A800A7BA7A /* ExerciseListDataModel.swift */; };
		CED4EA562A5B66F900A7BA7A /* ExerciseListViewController.swift in Sources */ = {isa = PBXBuildFile; fileRef = CED4EA552A5B66F900A7BA7A /* ExerciseListViewController.swift */; };
		CED4EA582A5B671800A7BA7A /* ExerciseListCell.swift in Sources */ = {isa = PBXBuildFile; fileRef = CED4EA572A5B671800A7BA7A /* ExerciseListCell.swift */; };
		CED4EA5E2A5B677800A7BA7A /* GifViewController.swift in Sources */ = {isa = PBXBuildFile; fileRef = CED4EA5D2A5B677800A7BA7A /* GifViewController.swift */; };
		CED4EA612A5B67F500A7BA7A /* WorkoutsViewController.swift in Sources */ = {isa = PBXBuildFile; fileRef = CED4EA602A5B67F500A7BA7A /* WorkoutsViewController.swift */; };
		CED4EA632A5B681300A7BA7A /* CardCell.swift in Sources */ = {isa = PBXBuildFile; fileRef = CED4EA622A5B681300A7BA7A /* CardCell.swift */; };
		CED4EA672A5B686E00A7BA7A /* WorkoutScreenConstants.swift in Sources */ = {isa = PBXBuildFile; fileRef = CED4EA662A5B686E00A7BA7A /* WorkoutScreenConstants.swift */; };
		CED4EA692A5B689300A7BA7A /* ExerciseList.swift in Sources */ = {isa = PBXBuildFile; fileRef = CED4EA682A5B689300A7BA7A /* ExerciseList.swift */; };
		CED4EA6C2A5B699500A7BA7A /* Kingfisher in Frameworks */ = {isa = PBXBuildFile; productRef = CED4EA6B2A5B699500A7BA7A /* Kingfisher */; };
/* End PBXBuildFile section */

/* Begin PBXContainerItemProxy section */
		CED4E9F02A59993D00A7BA7A /* PBXContainerItemProxy */ = {
			isa = PBXContainerItemProxy;
			containerPortal = CED4E9D12A59993C00A7BA7A /* Project object */;
			proxyType = 1;
			remoteGlobalIDString = CED4E9D82A59993C00A7BA7A;
			remoteInfo = FitnessApp;
		};
		CED4E9FA2A59993D00A7BA7A /* PBXContainerItemProxy */ = {
			isa = PBXContainerItemProxy;
			containerPortal = CED4E9D12A59993C00A7BA7A /* Project object */;
			proxyType = 1;
			remoteGlobalIDString = CED4E9D82A59993C00A7BA7A;
			remoteInfo = FitnessApp;
		};
/* End PBXContainerItemProxy section */

/* Begin PBXFileReference section */
		CED4E9D92A59993C00A7BA7A /* FitnessApp.app */ = {isa = PBXFileReference; explicitFileType = wrapper.application; includeInIndex = 0; path = FitnessApp.app; sourceTree = BUILT_PRODUCTS_DIR; };
		CED4E9DC2A59993C00A7BA7A /* AppDelegate.swift */ = {isa = PBXFileReference; lastKnownFileType = sourcecode.swift; path = AppDelegate.swift; sourceTree = "<group>"; };
		CED4E9DE2A59993C00A7BA7A /* SceneDelegate.swift */ = {isa = PBXFileReference; lastKnownFileType = sourcecode.swift; path = SceneDelegate.swift; sourceTree = "<group>"; };
		CED4E9E32A59993C00A7BA7A /* Base */ = {isa = PBXFileReference; lastKnownFileType = file.storyboard; name = Base; path = Base.lproj/Main.storyboard; sourceTree = "<group>"; };
		CED4E9E52A59993D00A7BA7A /* Assets.xcassets */ = {isa = PBXFileReference; lastKnownFileType = folder.assetcatalog; path = Assets.xcassets; sourceTree = "<group>"; };
		CED4E9E82A59993D00A7BA7A /* Base */ = {isa = PBXFileReference; lastKnownFileType = file.storyboard; name = Base; path = Base.lproj/LaunchScreen.storyboard; sourceTree = "<group>"; };
		CED4E9EA2A59993D00A7BA7A /* Info.plist */ = {isa = PBXFileReference; lastKnownFileType = text.plist.xml; path = Info.plist; sourceTree = "<group>"; };
		CED4E9EF2A59993D00A7BA7A /* FitnessAppTests.xctest */ = {isa = PBXFileReference; explicitFileType = wrapper.cfbundle; includeInIndex = 0; path = FitnessAppTests.xctest; sourceTree = BUILT_PRODUCTS_DIR; };
		CED4E9F32A59993D00A7BA7A /* FitnessAppTests.swift */ = {isa = PBXFileReference; lastKnownFileType = sourcecode.swift; path = FitnessAppTests.swift; sourceTree = "<group>"; };
		CED4E9F92A59993D00A7BA7A /* FitnessAppUITests.xctest */ = {isa = PBXFileReference; explicitFileType = wrapper.cfbundle; includeInIndex = 0; path = FitnessAppUITests.xctest; sourceTree = BUILT_PRODUCTS_DIR; };
		CED4E9FD2A59993D00A7BA7A /* FitnessAppUITests.swift */ = {isa = PBXFileReference; lastKnownFileType = sourcecode.swift; path = FitnessAppUITests.swift; sourceTree = "<group>"; };
		CED4E9FF2A59993D00A7BA7A /* FitnessAppUITestsLaunchTests.swift */ = {isa = PBXFileReference; lastKnownFileType = sourcecode.swift; path = FitnessAppUITestsLaunchTests.swift; sourceTree = "<group>"; };
		CED4EA0C2A59999900A7BA7A /* SplashScreenViewController.swift */ = {isa = PBXFileReference; lastKnownFileType = sourcecode.swift; path = SplashScreenViewController.swift; sourceTree = "<group>"; };
		CED4EA262A5A13E200A7BA7A /* Profile Screen.storyboard */ = {isa = PBXFileReference; lastKnownFileType = file.storyboard; path = "Profile Screen.storyboard"; sourceTree = "<group>"; };
		CED4EA282A5A148400A7BA7A /* ProfileViewController.swift */ = {isa = PBXFileReference; lastKnownFileType = sourcecode.swift; path = ProfileViewController.swift; sourceTree = "<group>"; };
		CED4EA2A2A5A151A00A7BA7A /* MethodsOfProfileVC.swift */ = {isa = PBXFileReference; lastKnownFileType = sourcecode.swift; path = MethodsOfProfileVC.swift; sourceTree = "<group>"; };
		CED4EA2C2A5A155A00A7BA7A /* ImagePickerViewExtention.swift */ = {isa = PBXFileReference; lastKnownFileType = sourcecode.swift; path = ImagePickerViewExtention.swift; sourceTree = "<group>"; };
		CED4EA2F2A5A179D00A7BA7A /* storyboards.swift */ = {isa = PBXFileReference; lastKnownFileType = sourcecode.swift; path = storyboards.swift; sourceTree = "<group>"; };
		CED4EA312A5A182D00A7BA7A /* Utilities.swift */ = {isa = PBXFileReference; lastKnownFileType = sourcecode.swift; path = Utilities.swift; sourceTree = "<group>"; };
		CED4EA332A5A189500A7BA7A /* UtilityExtension.swift */ = {isa = PBXFileReference; lastKnownFileType = sourcecode.swift; path = UtilityExtension.swift; sourceTree = "<group>"; };
		CED4EA352A5A19CA00A7BA7A /* TabBar.storyboard */ = {isa = PBXFileReference; lastKnownFileType = file.storyboard; path = TabBar.storyboard; sourceTree = "<group>"; };
		CED4EA372A5A1AF500A7BA7A /* Workouts Screens.storyboard */ = {isa = PBXFileReference; lastKnownFileType = file.storyboard; path = "Workouts Screens.storyboard"; sourceTree = "<group>"; };
		CED4EA422A5AE62D00A7BA7A /* WelcomeViewController.swift */ = {isa = PBXFileReference; lastKnownFileType = sourcecode.swift; path = WelcomeViewController.swift; sourceTree = "<group>"; };
		CED4EA442A5AE65E00A7BA7A /* SignInViewController.swift */ = {isa = PBXFileReference; lastKnownFileType = sourcecode.swift; path = SignInViewController.swift; sourceTree = "<group>"; };
		CED4EA462A5AE68900A7BA7A /* SignUpViewController.swift */ = {isa = PBXFileReference; lastKnownFileType = sourcecode.swift; path = SignUpViewController.swift; sourceTree = "<group>"; };
		CED4EA482A5AE6AA00A7BA7A /* SignInSignUpViewController.swift */ = {isa = PBXFileReference; lastKnownFileType = sourcecode.swift; path = SignInSignUpViewController.swift; sourceTree = "<group>"; };
		CED4EA4A2A5AE6D800A7BA7A /* LoadingView.swift */ = {isa = PBXFileReference; lastKnownFileType = sourcecode.swift; path = LoadingView.swift; sourceTree = "<group>"; };
		CED4EA4C2A5B4C7F00A7BA7A /* GoogleService-Info.plist */ = {isa = PBXFileReference; fileEncoding = 4; lastKnownFileType = text.plist.xml; path = "GoogleService-Info.plist"; sourceTree = "<group>"; };
		CED4EA4F2A5B667F00A7BA7A /* ExerciseDescription.swift */ = {isa = PBXFileReference; lastKnownFileType = sourcecode.swift; path = ExerciseDescription.swift; sourceTree = "<group>"; };
		CED4EA522A5B66A800A7BA7A /* ExerciseListDataModel.swift */ = {isa = PBXFileReference; lastKnownFileType = sourcecode.swift; path = ExerciseListDataModel.swift; sourceTree = "<group>"; };
		CED4EA552A5B66F900A7BA7A /* ExerciseListViewController.swift */ = {isa = PBXFileReference; lastKnownFileType = sourcecode.swift; path = ExerciseListViewController.swift; sourceTree = "<group>"; };
		CED4EA572A5B671800A7BA7A /* ExerciseListCell.swift */ = {isa = PBXFileReference; lastKnownFileType = sourcecode.swift; path = ExerciseListCell.swift; sourceTree = "<group>"; };
		CED4EA5D2A5B677800A7BA7A /* GifViewController.swift */ = {isa = PBXFileReference; lastKnownFileType = sourcecode.swift; path = GifViewController.swift; sourceTree = "<group>"; };
		CED4EA602A5B67F500A7BA7A /* WorkoutsViewController.swift */ = {isa = PBXFileReference; lastKnownFileType = sourcecode.swift; path = WorkoutsViewController.swift; sourceTree = "<group>"; };
		CED4EA622A5B681300A7BA7A /* CardCell.swift */ = {isa = PBXFileReference; lastKnownFileType = sourcecode.swift; path = CardCell.swift; sourceTree = "<group>"; };
		CED4EA662A5B686E00A7BA7A /* WorkoutScreenConstants.swift */ = {isa = PBXFileReference; lastKnownFileType = sourcecode.swift; path = WorkoutScreenConstants.swift; sourceTree = "<group>"; };
		CED4EA682A5B689300A7BA7A /* ExerciseList.swift */ = {isa = PBXFileReference; lastKnownFileType = sourcecode.swift; path = ExerciseList.swift; sourceTree = "<group>"; };
/* End PBXFileReference section */

/* Begin PBXFrameworksBuildPhase section */
		CED4E9D62A59993C00A7BA7A /* Frameworks */ = {
			isa = PBXFrameworksBuildPhase;
			buildActionMask = 2147483647;
			files = (
				CED4EA1D2A5A06ED00A7BA7A /* FirebaseDatabaseSwift in Frameworks */,
				CED4EA142A599E8200A7BA7A /* FirebaseAnalyticsSwift in Frameworks */,
				CED4EA192A5A06E400A7BA7A /* FirebaseAuth in Frameworks */,
				CED4EA1B2A5A06E900A7BA7A /* FirebaseDatabase in Frameworks */,
				CED4EA6C2A5B699500A7BA7A /* Kingfisher in Frameworks */,
				CED4EA122A599E8200A7BA7A /* FirebaseAnalytics in Frameworks */,
				CED4EA1F2A5A06FD00A7BA7A /* FirebaseStorage in Frameworks */,
				CED4EA232A5A0CD800A7BA7A /* FirebaseFirestore in Frameworks */,
			);
			runOnlyForDeploymentPostprocessing = 0;
		};
		CED4E9EC2A59993D00A7BA7A /* Frameworks */ = {
			isa = PBXFrameworksBuildPhase;
			buildActionMask = 2147483647;
			files = (
			);
			runOnlyForDeploymentPostprocessing = 0;
		};
		CED4E9F62A59993D00A7BA7A /* Frameworks */ = {
			isa = PBXFrameworksBuildPhase;
			buildActionMask = 2147483647;
			files = (
			);
			runOnlyForDeploymentPostprocessing = 0;
		};
/* End PBXFrameworksBuildPhase section */

/* Begin PBXGroup section */
		CED4E9D02A59993C00A7BA7A = {
			isa = PBXGroup;
			children = (
				CED4E9DB2A59993C00A7BA7A /* FitnessApp */,
				CED4E9F22A59993D00A7BA7A /* FitnessAppTests */,
				CED4E9FC2A59993D00A7BA7A /* FitnessAppUITests */,
				CED4E9DA2A59993C00A7BA7A /* Products */,
			);
			sourceTree = "<group>";
		};
		CED4E9DA2A59993C00A7BA7A /* Products */ = {
			isa = PBXGroup;
			children = (
				CED4E9D92A59993C00A7BA7A /* FitnessApp.app */,
				CED4E9EF2A59993D00A7BA7A /* FitnessAppTests.xctest */,
				CED4E9F92A59993D00A7BA7A /* FitnessAppUITests.xctest */,
			);
			name = Products;
			sourceTree = "<group>";
		};
		CED4E9DB2A59993C00A7BA7A /* FitnessApp */ = {
			isa = PBXGroup;
			children = (
				CED4EA6D2A63470E00A7BA7A /* Delegate */,
				CED4EA4E2A5B665800A7BA7A /* Models */,
				CED4EA3E2A5A1E3F00A7BA7A /* Constant Data */,
				CED4EA3B2A5A1D8B00A7BA7A /* Controllers */,
				CED4EA3A2A5A1D2500A7BA7A /* Utilities */,
				CED4EA392A5A1C8A00A7BA7A /* Views */,
				CED4E9E52A59993D00A7BA7A /* Assets.xcassets */,
				CED4E9EA2A59993D00A7BA7A /* Info.plist */,
				CED4EA4C2A5B4C7F00A7BA7A /* GoogleService-Info.plist */,
			);
			path = FitnessApp;
			sourceTree = "<group>";
		};
		CED4E9F22A59993D00A7BA7A /* FitnessAppTests */ = {
			isa = PBXGroup;
			children = (
				CED4E9F32A59993D00A7BA7A /* FitnessAppTests.swift */,
			);
			path = FitnessAppTests;
			sourceTree = "<group>";
		};
		CED4E9FC2A59993D00A7BA7A /* FitnessAppUITests */ = {
			isa = PBXGroup;
			children = (
				CED4E9FD2A59993D00A7BA7A /* FitnessAppUITests.swift */,
				CED4E9FF2A59993D00A7BA7A /* FitnessAppUITestsLaunchTests.swift */,
			);
			path = FitnessAppUITests;
			sourceTree = "<group>";
		};
		CED4EA392A5A1C8A00A7BA7A /* Views */ = {
			isa = PBXGroup;
			children = (
				CED4E9E72A59993D00A7BA7A /* LaunchScreen.storyboard */,
				CED4E9E22A59993C00A7BA7A /* Main.storyboard */,
				CED4EA262A5A13E200A7BA7A /* Profile Screen.storyboard */,
				CED4EA372A5A1AF500A7BA7A /* Workouts Screens.storyboard */,
				CED4EA352A5A19CA00A7BA7A /* TabBar.storyboard */,
			);
			path = Views;
			sourceTree = "<group>";
		};
		CED4EA3A2A5A1D2500A7BA7A /* Utilities */ = {
			isa = PBXGroup;
			children = (
				CED4EA312A5A182D00A7BA7A /* Utilities.swift */,
				CED4EA332A5A189500A7BA7A /* UtilityExtension.swift */,
				CED4EA4A2A5AE6D800A7BA7A /* LoadingView.swift */,
			);
			path = Utilities;
			sourceTree = "<group>";
		};
		CED4EA3B2A5A1D8B00A7BA7A /* Controllers */ = {
			isa = PBXGroup;
			children = (
				CED4EA5F2A5B67E000A7BA7A /* Workouts Screen */,
				CED4EA542A5B66E000A7BA7A /* Exercise List Screen */,
				CED4EA412A5AE60700A7BA7A /* Authentication */,
				CED4EA3C2A5A1DA000A7BA7A /* Profile Screen */,
			);
			path = Controllers;
			sourceTree = "<group>";
		};
		CED4EA3C2A5A1DA000A7BA7A /* Profile Screen */ = {
			isa = PBXGroup;
			children = (
				CED4EA3D2A5A1DD600A7BA7A /* Extension of ProfileVC */,
				CED4EA282A5A148400A7BA7A /* ProfileViewController.swift */,
			);
			path = "Profile Screen";
			sourceTree = "<group>";
		};
		CED4EA3D2A5A1DD600A7BA7A /* Extension of ProfileVC */ = {
			isa = PBXGroup;
			children = (
				CED4EA2A2A5A151A00A7BA7A /* MethodsOfProfileVC.swift */,
				CED4EA2C2A5A155A00A7BA7A /* ImagePickerViewExtention.swift */,
			);
			path = "Extension of ProfileVC";
			sourceTree = "<group>";
		};
		CED4EA3E2A5A1E3F00A7BA7A /* Constant Data */ = {
			isa = PBXGroup;
			children = (
				CED4EA2F2A5A179D00A7BA7A /* storyboards.swift */,
				CED4EA662A5B686E00A7BA7A /* WorkoutScreenConstants.swift */,
				CED4EA682A5B689300A7BA7A /* ExerciseList.swift */,
			);
			path = "Constant Data";
			sourceTree = "<group>";
		};
		CED4EA412A5AE60700A7BA7A /* Authentication */ = {
			isa = PBXGroup;
			children = (
				CED4EA0C2A59999900A7BA7A /* SplashScreenViewController.swift */,
				CED4EA422A5AE62D00A7BA7A /* WelcomeViewController.swift */,
				CED4EA442A5AE65E00A7BA7A /* SignInViewController.swift */,
				CED4EA462A5AE68900A7BA7A /* SignUpViewController.swift */,
				CED4EA482A5AE6AA00A7BA7A /* SignInSignUpViewController.swift */,
			);
			path = Authentication;
			sourceTree = "<group>";
		};
		CED4EA4E2A5B665800A7BA7A /* Models */ = {
			isa = PBXGroup;
			children = (
				CED4EA4F2A5B667F00A7BA7A /* ExerciseDescription.swift */,
				CED4EA522A5B66A800A7BA7A /* ExerciseListDataModel.swift */,
			);
			path = Models;
			sourceTree = "<group>";
		};
		CED4EA542A5B66E000A7BA7A /* Exercise List Screen */ = {
			isa = PBXGroup;
			children = (
				CED4EA552A5B66F900A7BA7A /* ExerciseListViewController.swift */,
				CED4EA572A5B671800A7BA7A /* ExerciseListCell.swift */,
				CED4EA5D2A5B677800A7BA7A /* GifViewController.swift */,
			);
			path = "Exercise List Screen";
			sourceTree = "<group>";
		};
		CED4EA5F2A5B67E000A7BA7A /* Workouts Screen */ = {
			isa = PBXGroup;
			children = (
				CED4EA602A5B67F500A7BA7A /* WorkoutsViewController.swift */,
				CED4EA622A5B681300A7BA7A /* CardCell.swift */,
			);
			path = "Workouts Screen";
			sourceTree = "<group>";
		};
		CED4EA6D2A63470E00A7BA7A /* Delegate */ = {
			isa = PBXGroup;
			children = (
				CED4E9DE2A59993C00A7BA7A /* SceneDelegate.swift */,
				CED4E9DC2A59993C00A7BA7A /* AppDelegate.swift */,
			);
			path = Delegate;
			sourceTree = "<group>";
		};
/* End PBXGroup section */

/* Begin PBXNativeTarget section */
		CED4E9D82A59993C00A7BA7A /* FitnessApp */ = {
			isa = PBXNativeTarget;
			buildConfigurationList = CED4EA032A59993D00A7BA7A /* Build configuration list for PBXNativeTarget "FitnessApp" */;
			buildPhases = (
				CED4E9D52A59993C00A7BA7A /* Sources */,
				CED4E9D62A59993C00A7BA7A /* Frameworks */,
				CED4E9D72A59993C00A7BA7A /* Resources */,
			);
			buildRules = (
			);
			dependencies = (
			);
			name = FitnessApp;
			packageProductDependencies = (
				CED4EA112A599E8200A7BA7A /* FirebaseAnalytics */,
				CED4EA132A599E8200A7BA7A /* FirebaseAnalyticsSwift */,
				CED4EA182A5A06E400A7BA7A /* FirebaseAuth */,
				CED4EA1A2A5A06E900A7BA7A /* FirebaseDatabase */,
				CED4EA1C2A5A06ED00A7BA7A /* FirebaseDatabaseSwift */,
				CED4EA1E2A5A06FD00A7BA7A /* FirebaseStorage */,
				CED4EA222A5A0CD800A7BA7A /* FirebaseFirestore */,
				CED4EA6B2A5B699500A7BA7A /* Kingfisher */,
			);
			productName = FitnessApp;
			productReference = CED4E9D92A59993C00A7BA7A /* FitnessApp.app */;
			productType = "com.apple.product-type.application";
		};
		CED4E9EE2A59993D00A7BA7A /* FitnessAppTests */ = {
			isa = PBXNativeTarget;
			buildConfigurationList = CED4EA062A59993D00A7BA7A /* Build configuration list for PBXNativeTarget "FitnessAppTests" */;
			buildPhases = (
				CED4E9EB2A59993D00A7BA7A /* Sources */,
				CED4E9EC2A59993D00A7BA7A /* Frameworks */,
				CED4E9ED2A59993D00A7BA7A /* Resources */,
			);
			buildRules = (
			);
			dependencies = (
				CED4E9F12A59993D00A7BA7A /* PBXTargetDependency */,
			);
			name = FitnessAppTests;
			productName = FitnessAppTests;
			productReference = CED4E9EF2A59993D00A7BA7A /* FitnessAppTests.xctest */;
			productType = "com.apple.product-type.bundle.unit-test";
		};
		CED4E9F82A59993D00A7BA7A /* FitnessAppUITests */ = {
			isa = PBXNativeTarget;
			buildConfigurationList = CED4EA092A59993D00A7BA7A /* Build configuration list for PBXNativeTarget "FitnessAppUITests" */;
			buildPhases = (
				CED4E9F52A59993D00A7BA7A /* Sources */,
				CED4E9F62A59993D00A7BA7A /* Frameworks */,
				CED4E9F72A59993D00A7BA7A /* Resources */,
			);
			buildRules = (
			);
			dependencies = (
				CED4E9FB2A59993D00A7BA7A /* PBXTargetDependency */,
			);
			name = FitnessAppUITests;
			productName = FitnessAppUITests;
			productReference = CED4E9F92A59993D00A7BA7A /* FitnessAppUITests.xctest */;
			productType = "com.apple.product-type.bundle.ui-testing";
		};
/* End PBXNativeTarget section */

/* Begin PBXProject section */
		CED4E9D12A59993C00A7BA7A /* Project object */ = {
			isa = PBXProject;
			attributes = {
				BuildIndependentTargetsInParallel = 1;
				LastSwiftUpdateCheck = 1430;
				LastUpgradeCheck = 1430;
				TargetAttributes = {
					CED4E9D82A59993C00A7BA7A = {
						CreatedOnToolsVersion = 14.3.1;
					};
					CED4E9EE2A59993D00A7BA7A = {
						CreatedOnToolsVersion = 14.3.1;
						TestTargetID = CED4E9D82A59993C00A7BA7A;
					};
					CED4E9F82A59993D00A7BA7A = {
						CreatedOnToolsVersion = 14.3.1;
						TestTargetID = CED4E9D82A59993C00A7BA7A;
					};
				};
			};
			buildConfigurationList = CED4E9D42A59993C00A7BA7A /* Build configuration list for PBXProject "FitnessApp" */;
			compatibilityVersion = "Xcode 14.0";
			developmentRegion = en;
			hasScannedForEncodings = 0;
			knownRegions = (
				en,
				Base,
			);
			mainGroup = CED4E9D02A59993C00A7BA7A;
			packageReferences = (
				CED4EA102A599E8200A7BA7A /* XCRemoteSwiftPackageReference "firebase-ios-sdk" */,
				CED4EA6A2A5B699500A7BA7A /* XCRemoteSwiftPackageReference "Kingfisher" */,
			);
			productRefGroup = CED4E9DA2A59993C00A7BA7A /* Products */;
			projectDirPath = "";
			projectRoot = "";
			targets = (
				CED4E9D82A59993C00A7BA7A /* FitnessApp */,
				CED4E9EE2A59993D00A7BA7A /* FitnessAppTests */,
				CED4E9F82A59993D00A7BA7A /* FitnessAppUITests */,
			);
		};
/* End PBXProject section */

/* Begin PBXResourcesBuildPhase section */
		CED4E9D72A59993C00A7BA7A /* Resources */ = {
			isa = PBXResourcesBuildPhase;
			buildActionMask = 2147483647;
			files = (
				CED4E9E92A59993D00A7BA7A /* LaunchScreen.storyboard in Resources */,
				CED4EA382A5A1AF500A7BA7A /* Workouts Screens.storyboard in Resources */,
				CED4EA272A5A13E200A7BA7A /* Profile Screen.storyboard in Resources */,
				CED4EA4D2A5B4C7F00A7BA7A /* GoogleService-Info.plist in Resources */,
				CED4E9E62A59993D00A7BA7A /* Assets.xcassets in Resources */,
				CED4EA362A5A19CA00A7BA7A /* TabBar.storyboard in Resources */,
				CED4E9E42A59993C00A7BA7A /* Main.storyboard in Resources */,
			);
			runOnlyForDeploymentPostprocessing = 0;
		};
		CED4E9ED2A59993D00A7BA7A /* Resources */ = {
			isa = PBXResourcesBuildPhase;
			buildActionMask = 2147483647;
			files = (
			);
			runOnlyForDeploymentPostprocessing = 0;
		};
		CED4E9F72A59993D00A7BA7A /* Resources */ = {
			isa = PBXResourcesBuildPhase;
			buildActionMask = 2147483647;
			files = (
			);
			runOnlyForDeploymentPostprocessing = 0;
		};
/* End PBXResourcesBuildPhase section */

/* Begin PBXSourcesBuildPhase section */
		CED4E9D52A59993C00A7BA7A /* Sources */ = {
			isa = PBXSourcesBuildPhase;
			buildActionMask = 2147483647;
			files = (
				CED4EA562A5B66F900A7BA7A /* ExerciseListViewController.swift in Sources */,
				CED4EA612A5B67F500A7BA7A /* WorkoutsViewController.swift in Sources */,
				CED4EA582A5B671800A7BA7A /* ExerciseListCell.swift in Sources */,
				CED4EA672A5B686E00A7BA7A /* WorkoutScreenConstants.swift in Sources */,
				CED4EA502A5B667F00A7BA7A /* ExerciseDescription.swift in Sources */,
				CED4EA492A5AE6AA00A7BA7A /* SignInSignUpViewController.swift in Sources */,
				CED4EA452A5AE65E00A7BA7A /* SignInViewController.swift in Sources */,
				CED4EA5E2A5B677800A7BA7A /* GifViewController.swift in Sources */,
				CED4EA4B2A5AE6D800A7BA7A /* LoadingView.swift in Sources */,
				CED4EA632A5B681300A7BA7A /* CardCell.swift in Sources */,
				CED4EA322A5A182D00A7BA7A /* Utilities.swift in Sources */,
				CED4EA532A5B66A800A7BA7A /* ExerciseListDataModel.swift in Sources */,
				CED4EA2D2A5A155A00A7BA7A /* ImagePickerViewExtention.swift in Sources */,
				CED4E9DD2A59993C00A7BA7A /* AppDelegate.swift in Sources */,
				CED4EA432A5AE62D00A7BA7A /* WelcomeViewController.swift in Sources */,
				CED4EA692A5B689300A7BA7A /* ExerciseList.swift in Sources */,
				CED4EA342A5A189500A7BA7A /* UtilityExtension.swift in Sources */,
				CED4EA472A5AE68900A7BA7A /* SignUpViewController.swift in Sources */,
				CED4EA292A5A148400A7BA7A /* ProfileViewController.swift in Sources */,
				CED4EA302A5A179D00A7BA7A /* storyboards.swift in Sources */,
				CED4EA0D2A59999900A7BA7A /* SplashScreenViewController.swift in Sources */,
				CED4EA2B2A5A151A00A7BA7A /* MethodsOfProfileVC.swift in Sources */,
				CED4E9DF2A59993C00A7BA7A /* SceneDelegate.swift in Sources */,
			);
			runOnlyForDeploymentPostprocessing = 0;
		};
		CED4E9EB2A59993D00A7BA7A /* Sources */ = {
			isa = PBXSourcesBuildPhase;
			buildActionMask = 2147483647;
			files = (
				CED4E9F42A59993D00A7BA7A /* FitnessAppTests.swift in Sources */,
			);
			runOnlyForDeploymentPostprocessing = 0;
		};
		CED4E9F52A59993D00A7BA7A /* Sources */ = {
			isa = PBXSourcesBuildPhase;
			buildActionMask = 2147483647;
			files = (
				CED4E9FE2A59993D00A7BA7A /* FitnessAppUITests.swift in Sources */,
				CED4EA002A59993D00A7BA7A /* FitnessAppUITestsLaunchTests.swift in Sources */,
			);
			runOnlyForDeploymentPostprocessing = 0;
		};
/* End PBXSourcesBuildPhase section */

/* Begin PBXTargetDependency section */
		CED4E9F12A59993D00A7BA7A /* PBXTargetDependency */ = {
			isa = PBXTargetDependency;
			target = CED4E9D82A59993C00A7BA7A /* FitnessApp */;
			targetProxy = CED4E9F02A59993D00A7BA7A /* PBXContainerItemProxy */;
		};
		CED4E9FB2A59993D00A7BA7A /* PBXTargetDependency */ = {
			isa = PBXTargetDependency;
			target = CED4E9D82A59993C00A7BA7A /* FitnessApp */;
			targetProxy = CED4E9FA2A59993D00A7BA7A /* PBXContainerItemProxy */;
		};
/* End PBXTargetDependency section */

/* Begin PBXVariantGroup section */
		CED4E9E22A59993C00A7BA7A /* Main.storyboard */ = {
			isa = PBXVariantGroup;
			children = (
				CED4E9E32A59993C00A7BA7A /* Base */,
			);
			name = Main.storyboard;
			sourceTree = "<group>";
		};
		CED4E9E72A59993D00A7BA7A /* LaunchScreen.storyboard */ = {
			isa = PBXVariantGroup;
			children = (
				CED4E9E82A59993D00A7BA7A /* Base */,
			);
			name = LaunchScreen.storyboard;
			sourceTree = "<group>";
		};
/* End PBXVariantGroup section */

/* Begin XCBuildConfiguration section */
		CED4EA012A59993D00A7BA7A /* Debug */ = {
			isa = XCBuildConfiguration;
			buildSettings = {
				ALWAYS_SEARCH_USER_PATHS = NO;
				CLANG_ANALYZER_NONNULL = YES;
				CLANG_ANALYZER_NUMBER_OBJECT_CONVERSION = YES_AGGRESSIVE;
				CLANG_CXX_LANGUAGE_STANDARD = "gnu++20";
				CLANG_ENABLE_MODULES = YES;
				CLANG_ENABLE_OBJC_ARC = YES;
				CLANG_ENABLE_OBJC_WEAK = YES;
				CLANG_WARN_BLOCK_CAPTURE_AUTORELEASING = YES;
				CLANG_WARN_BOOL_CONVERSION = YES;
				CLANG_WARN_COMMA = YES;
				CLANG_WARN_CONSTANT_CONVERSION = YES;
				CLANG_WARN_DEPRECATED_OBJC_IMPLEMENTATIONS = YES;
				CLANG_WARN_DIRECT_OBJC_ISA_USAGE = YES_ERROR;
				CLANG_WARN_DOCUMENTATION_COMMENTS = YES;
				CLANG_WARN_EMPTY_BODY = YES;
				CLANG_WARN_ENUM_CONVERSION = YES;
				CLANG_WARN_INFINITE_RECURSION = YES;
				CLANG_WARN_INT_CONVERSION = YES;
				CLANG_WARN_NON_LITERAL_NULL_CONVERSION = YES;
				CLANG_WARN_OBJC_IMPLICIT_RETAIN_SELF = YES;
				CLANG_WARN_OBJC_LITERAL_CONVERSION = YES;
				CLANG_WARN_OBJC_ROOT_CLASS = YES_ERROR;
				CLANG_WARN_QUOTED_INCLUDE_IN_FRAMEWORK_HEADER = YES;
				CLANG_WARN_RANGE_LOOP_ANALYSIS = YES;
				CLANG_WARN_STRICT_PROTOTYPES = YES;
				CLANG_WARN_SUSPICIOUS_MOVE = YES;
				CLANG_WARN_UNGUARDED_AVAILABILITY = YES_AGGRESSIVE;
				CLANG_WARN_UNREACHABLE_CODE = YES;
				CLANG_WARN__DUPLICATE_METHOD_MATCH = YES;
				COPY_PHASE_STRIP = NO;
				DEBUG_INFORMATION_FORMAT = dwarf;
				ENABLE_STRICT_OBJC_MSGSEND = YES;
				ENABLE_TESTABILITY = YES;
				GCC_C_LANGUAGE_STANDARD = gnu11;
				GCC_DYNAMIC_NO_PIC = NO;
				GCC_NO_COMMON_BLOCKS = YES;
				GCC_OPTIMIZATION_LEVEL = 0;
				GCC_PREPROCESSOR_DEFINITIONS = (
					"DEBUG=1",
					"$(inherited)",
				);
				GCC_WARN_64_TO_32_BIT_CONVERSION = YES;
				GCC_WARN_ABOUT_RETURN_TYPE = YES_ERROR;
				GCC_WARN_UNDECLARED_SELECTOR = YES;
				GCC_WARN_UNINITIALIZED_AUTOS = YES_AGGRESSIVE;
				GCC_WARN_UNUSED_FUNCTION = YES;
				GCC_WARN_UNUSED_VARIABLE = YES;
				IPHONEOS_DEPLOYMENT_TARGET = 16.4;
				MTL_ENABLE_DEBUG_INFO = INCLUDE_SOURCE;
				MTL_FAST_MATH = YES;
				ONLY_ACTIVE_ARCH = YES;
				SDKROOT = iphoneos;
				SWIFT_ACTIVE_COMPILATION_CONDITIONS = DEBUG;
				SWIFT_OPTIMIZATION_LEVEL = "-Onone";
			};
			name = Debug;
		};
		CED4EA022A59993D00A7BA7A /* Release */ = {
			isa = XCBuildConfiguration;
			buildSettings = {
				ALWAYS_SEARCH_USER_PATHS = NO;
				CLANG_ANALYZER_NONNULL = YES;
				CLANG_ANALYZER_NUMBER_OBJECT_CONVERSION = YES_AGGRESSIVE;
				CLANG_CXX_LANGUAGE_STANDARD = "gnu++20";
				CLANG_ENABLE_MODULES = YES;
				CLANG_ENABLE_OBJC_ARC = YES;
				CLANG_ENABLE_OBJC_WEAK = YES;
				CLANG_WARN_BLOCK_CAPTURE_AUTORELEASING = YES;
				CLANG_WARN_BOOL_CONVERSION = YES;
				CLANG_WARN_COMMA = YES;
				CLANG_WARN_CONSTANT_CONVERSION = YES;
				CLANG_WARN_DEPRECATED_OBJC_IMPLEMENTATIONS = YES;
				CLANG_WARN_DIRECT_OBJC_ISA_USAGE = YES_ERROR;
				CLANG_WARN_DOCUMENTATION_COMMENTS = YES;
				CLANG_WARN_EMPTY_BODY = YES;
				CLANG_WARN_ENUM_CONVERSION = YES;
				CLANG_WARN_INFINITE_RECURSION = YES;
				CLANG_WARN_INT_CONVERSION = YES;
				CLANG_WARN_NON_LITERAL_NULL_CONVERSION = YES;
				CLANG_WARN_OBJC_IMPLICIT_RETAIN_SELF = YES;
				CLANG_WARN_OBJC_LITERAL_CONVERSION = YES;
				CLANG_WARN_OBJC_ROOT_CLASS = YES_ERROR;
				CLANG_WARN_QUOTED_INCLUDE_IN_FRAMEWORK_HEADER = YES;
				CLANG_WARN_RANGE_LOOP_ANALYSIS = YES;
				CLANG_WARN_STRICT_PROTOTYPES = YES;
				CLANG_WARN_SUSPICIOUS_MOVE = YES;
				CLANG_WARN_UNGUARDED_AVAILABILITY = YES_AGGRESSIVE;
				CLANG_WARN_UNREACHABLE_CODE = YES;
				CLANG_WARN__DUPLICATE_METHOD_MATCH = YES;
				COPY_PHASE_STRIP = NO;
				DEBUG_INFORMATION_FORMAT = "dwarf-with-dsym";
				ENABLE_NS_ASSERTIONS = NO;
				ENABLE_STRICT_OBJC_MSGSEND = YES;
				GCC_C_LANGUAGE_STANDARD = gnu11;
				GCC_NO_COMMON_BLOCKS = YES;
				GCC_WARN_64_TO_32_BIT_CONVERSION = YES;
				GCC_WARN_ABOUT_RETURN_TYPE = YES_ERROR;
				GCC_WARN_UNDECLARED_SELECTOR = YES;
				GCC_WARN_UNINITIALIZED_AUTOS = YES_AGGRESSIVE;
				GCC_WARN_UNUSED_FUNCTION = YES;
				GCC_WARN_UNUSED_VARIABLE = YES;
				IPHONEOS_DEPLOYMENT_TARGET = 16.4;
				MTL_ENABLE_DEBUG_INFO = NO;
				MTL_FAST_MATH = YES;
				SDKROOT = iphoneos;
				SWIFT_COMPILATION_MODE = wholemodule;
				SWIFT_OPTIMIZATION_LEVEL = "-O";
				VALIDATE_PRODUCT = YES;
			};
			name = Release;
		};
		CED4EA042A59993D00A7BA7A /* Debug */ = {
			isa = XCBuildConfiguration;
			buildSettings = {
				ASSETCATALOG_COMPILER_APPICON_NAME = AppIcon;
				ASSETCATALOG_COMPILER_GLOBAL_ACCENT_COLOR_NAME = AccentColor;
				CODE_SIGN_STYLE = Automatic;
				CURRENT_PROJECT_VERSION = 1;
				GENERATE_INFOPLIST_FILE = YES;
				INFOPLIST_FILE = FitnessApp/Info.plist;
				INFOPLIST_KEY_UIApplicationSupportsIndirectInputEvents = YES;
				INFOPLIST_KEY_UILaunchStoryboardName = LaunchScreen;
				INFOPLIST_KEY_UIMainStoryboardFile = Main;
				INFOPLIST_KEY_UISupportedInterfaceOrientations_iPad = "UIInterfaceOrientationPortrait UIInterfaceOrientationPortraitUpsideDown UIInterfaceOrientationLandscapeLeft UIInterfaceOrientationLandscapeRight";
				INFOPLIST_KEY_UISupportedInterfaceOrientations_iPhone = "UIInterfaceOrientationPortrait UIInterfaceOrientationLandscapeLeft UIInterfaceOrientationLandscapeRight";
				LD_RUNPATH_SEARCH_PATHS = (
					"$(inherited)",
					"@executable_path/Frameworks",
				);
				MARKETING_VERSION = 1.0;
				PRODUCT_BUNDLE_IDENTIFIER = com.nadeen.FitnessApp;
				PRODUCT_NAME = "$(TARGET_NAME)";
				SWIFT_EMIT_LOC_STRINGS = YES;
				SWIFT_VERSION = 5.0;
				TARGETED_DEVICE_FAMILY = "1,2";
			};
			name = Debug;
		};
		CED4EA052A59993D00A7BA7A /* Release */ = {
			isa = XCBuildConfiguration;
			buildSettings = {
				ASSETCATALOG_COMPILER_APPICON_NAME = AppIcon;
				ASSETCATALOG_COMPILER_GLOBAL_ACCENT_COLOR_NAME = AccentColor;
				CODE_SIGN_STYLE = Automatic;
				CURRENT_PROJECT_VERSION = 1;
				GENERATE_INFOPLIST_FILE = YES;
				INFOPLIST_FILE = FitnessApp/Info.plist;
				INFOPLIST_KEY_UIApplicationSupportsIndirectInputEvents = YES;
				INFOPLIST_KEY_UILaunchStoryboardName = LaunchScreen;
				INFOPLIST_KEY_UIMainStoryboardFile = Main;
				INFOPLIST_KEY_UISupportedInterfaceOrientations_iPad = "UIInterfaceOrientationPortrait UIInterfaceOrientationPortraitUpsideDown UIInterfaceOrientationLandscapeLeft UIInterfaceOrientationLandscapeRight";
				INFOPLIST_KEY_UISupportedInterfaceOrientations_iPhone = "UIInterfaceOrientationPortrait UIInterfaceOrientationLandscapeLeft UIInterfaceOrientationLandscapeRight";
				LD_RUNPATH_SEARCH_PATHS = (
					"$(inherited)",
					"@executable_path/Frameworks",
				);
				MARKETING_VERSION = 1.0;
				PRODUCT_BUNDLE_IDENTIFIER = com.nadeen.FitnessApp;
				PRODUCT_NAME = "$(TARGET_NAME)";
				SWIFT_EMIT_LOC_STRINGS = YES;
				SWIFT_VERSION = 5.0;
				TARGETED_DEVICE_FAMILY = "1,2";
			};
			name = Release;
		};
		CED4EA072A59993D00A7BA7A /* Debug */ = {
			isa = XCBuildConfiguration;
			buildSettings = {
				ALWAYS_EMBED_SWIFT_STANDARD_LIBRARIES = YES;
				BUNDLE_LOADER = "$(TEST_HOST)";
				CODE_SIGN_STYLE = Automatic;
				CURRENT_PROJECT_VERSION = 1;
				GENERATE_INFOPLIST_FILE = YES;
				IPHONEOS_DEPLOYMENT_TARGET = 16.4;
				MARKETING_VERSION = 1.0;
				PRODUCT_BUNDLE_IDENTIFIER = com.nadeen.FitnessAppTests;
				PRODUCT_NAME = "$(TARGET_NAME)";
				SWIFT_EMIT_LOC_STRINGS = NO;
				SWIFT_VERSION = 5.0;
				TARGETED_DEVICE_FAMILY = "1,2";
				TEST_HOST = "$(BUILT_PRODUCTS_DIR)/FitnessApp.app/$(BUNDLE_EXECUTABLE_FOLDER_PATH)/FitnessApp";
			};
			name = Debug;
		};
		CED4EA082A59993D00A7BA7A /* Release */ = {
			isa = XCBuildConfiguration;
			buildSettings = {
				ALWAYS_EMBED_SWIFT_STANDARD_LIBRARIES = YES;
				BUNDLE_LOADER = "$(TEST_HOST)";
				CODE_SIGN_STYLE = Automatic;
				CURRENT_PROJECT_VERSION = 1;
				GENERATE_INFOPLIST_FILE = YES;
				IPHONEOS_DEPLOYMENT_TARGET = 16.4;
				MARKETING_VERSION = 1.0;
				PRODUCT_BUNDLE_IDENTIFIER = com.nadeen.FitnessAppTests;
				PRODUCT_NAME = "$(TARGET_NAME)";
				SWIFT_EMIT_LOC_STRINGS = NO;
				SWIFT_VERSION = 5.0;
				TARGETED_DEVICE_FAMILY = "1,2";
				TEST_HOST = "$(BUILT_PRODUCTS_DIR)/FitnessApp.app/$(BUNDLE_EXECUTABLE_FOLDER_PATH)/FitnessApp";
			};
			name = Release;
		};
		CED4EA0A2A59993D00A7BA7A /* Debug */ = {
			isa = XCBuildConfiguration;
			buildSettings = {
				ALWAYS_EMBED_SWIFT_STANDARD_LIBRARIES = YES;
				CODE_SIGN_STYLE = Automatic;
				CURRENT_PROJECT_VERSION = 1;
				GENERATE_INFOPLIST_FILE = YES;
				MARKETING_VERSION = 1.0;
				PRODUCT_BUNDLE_IDENTIFIER = com.nadeen.FitnessAppUITests;
				PRODUCT_NAME = "$(TARGET_NAME)";
				SWIFT_EMIT_LOC_STRINGS = NO;
				SWIFT_VERSION = 5.0;
				TARGETED_DEVICE_FAMILY = "1,2";
				TEST_TARGET_NAME = FitnessApp;
			};
			name = Debug;
		};
		CED4EA0B2A59993D00A7BA7A /* Release */ = {
			isa = XCBuildConfiguration;
			buildSettings = {
				ALWAYS_EMBED_SWIFT_STANDARD_LIBRARIES = YES;
				CODE_SIGN_STYLE = Automatic;
				CURRENT_PROJECT_VERSION = 1;
				GENERATE_INFOPLIST_FILE = YES;
				MARKETING_VERSION = 1.0;
				PRODUCT_BUNDLE_IDENTIFIER = com.nadeen.FitnessAppUITests;
				PRODUCT_NAME = "$(TARGET_NAME)";
				SWIFT_EMIT_LOC_STRINGS = NO;
				SWIFT_VERSION = 5.0;
				TARGETED_DEVICE_FAMILY = "1,2";
				TEST_TARGET_NAME = FitnessApp;
			};
			name = Release;
		};
/* End XCBuildConfiguration section */

/* Begin XCConfigurationList section */
		CED4E9D42A59993C00A7BA7A /* Build configuration list for PBXProject "FitnessApp" */ = {
			isa = XCConfigurationList;
			buildConfigurations = (
				CED4EA012A59993D00A7BA7A /* Debug */,
				CED4EA022A59993D00A7BA7A /* Release */,
			);
			defaultConfigurationIsVisible = 0;
			defaultConfigurationName = Release;
		};
		CED4EA032A59993D00A7BA7A /* Build configuration list for PBXNativeTarget "FitnessApp" */ = {
			isa = XCConfigurationList;
			buildConfigurations = (
				CED4EA042A59993D00A7BA7A /* Debug */,
				CED4EA052A59993D00A7BA7A /* Release */,
			);
			defaultConfigurationIsVisible = 0;
			defaultConfigurationName = Release;
		};
		CED4EA062A59993D00A7BA7A /* Build configuration list for PBXNativeTarget "FitnessAppTests" */ = {
			isa = XCConfigurationList;
			buildConfigurations = (
				CED4EA072A59993D00A7BA7A /* Debug */,
				CED4EA082A59993D00A7BA7A /* Release */,
			);
			defaultConfigurationIsVisible = 0;
			defaultConfigurationName = Release;
		};
		CED4EA092A59993D00A7BA7A /* Build configuration list for PBXNativeTarget "FitnessAppUITests" */ = {
			isa = XCConfigurationList;
			buildConfigurations = (
				CED4EA0A2A59993D00A7BA7A /* Debug */,
				CED4EA0B2A59993D00A7BA7A /* Release */,
			);
			defaultConfigurationIsVisible = 0;
			defaultConfigurationName = Release;
		};
/* End XCConfigurationList section */

/* Begin XCRemoteSwiftPackageReference section */
		CED4EA102A599E8200A7BA7A /* XCRemoteSwiftPackageReference "firebase-ios-sdk" */ = {
			isa = XCRemoteSwiftPackageReference;
			repositoryURL = "https://github.com/firebase/firebase-ios-sdk";
			requirement = {
				kind = upToNextMajorVersion;
				minimumVersion = 10.0.0;
			};
		};
		CED4EA6A2A5B699500A7BA7A /* XCRemoteSwiftPackageReference "Kingfisher" */ = {
			isa = XCRemoteSwiftPackageReference;
			repositoryURL = "https://github.com/onevcat/Kingfisher.git";
			requirement = {
				kind = upToNextMajorVersion;
				minimumVersion = 7.0.0;
			};
		};
/* End XCRemoteSwiftPackageReference section */

/* Begin XCSwiftPackageProductDependency section */
		CED4EA112A599E8200A7BA7A /* FirebaseAnalytics */ = {
			isa = XCSwiftPackageProductDependency;
			package = CED4EA102A599E8200A7BA7A /* XCRemoteSwiftPackageReference "firebase-ios-sdk" */;
			productName = FirebaseAnalytics;
		};
		CED4EA132A599E8200A7BA7A /* FirebaseAnalyticsSwift */ = {
			isa = XCSwiftPackageProductDependency;
			package = CED4EA102A599E8200A7BA7A /* XCRemoteSwiftPackageReference "firebase-ios-sdk" */;
			productName = FirebaseAnalyticsSwift;
		};
		CED4EA182A5A06E400A7BA7A /* FirebaseAuth */ = {
			isa = XCSwiftPackageProductDependency;
			package = CED4EA102A599E8200A7BA7A /* XCRemoteSwiftPackageReference "firebase-ios-sdk" */;
			productName = FirebaseAuth;
		};
		CED4EA1A2A5A06E900A7BA7A /* FirebaseDatabase */ = {
			isa = XCSwiftPackageProductDependency;
			package = CED4EA102A599E8200A7BA7A /* XCRemoteSwiftPackageReference "firebase-ios-sdk" */;
			productName = FirebaseDatabase;
		};
		CED4EA1C2A5A06ED00A7BA7A /* FirebaseDatabaseSwift */ = {
			isa = XCSwiftPackageProductDependency;
			package = CED4EA102A599E8200A7BA7A /* XCRemoteSwiftPackageReference "firebase-ios-sdk" */;
			productName = FirebaseDatabaseSwift;
		};
		CED4EA1E2A5A06FD00A7BA7A /* FirebaseStorage */ = {
			isa = XCSwiftPackageProductDependency;
			package = CED4EA102A599E8200A7BA7A /* XCRemoteSwiftPackageReference "firebase-ios-sdk" */;
			productName = FirebaseStorage;
		};
		CED4EA222A5A0CD800A7BA7A /* FirebaseFirestore */ = {
			isa = XCSwiftPackageProductDependency;
			package = CED4EA102A599E8200A7BA7A /* XCRemoteSwiftPackageReference "firebase-ios-sdk" */;
			productName = FirebaseFirestore;
		};
		CED4EA6B2A5B699500A7BA7A /* Kingfisher */ = {
			isa = XCSwiftPackageProductDependency;
			package = CED4EA6A2A5B699500A7BA7A /* XCRemoteSwiftPackageReference "Kingfisher" */;
			productName = Kingfisher;
		};
/* End XCSwiftPackageProductDependency section */
	};
	rootObject = CED4E9D12A59993C00A7BA7A /* Project object */;
}
